
Microsoft Visual Studio Solution File, Format Version 12.00
# Visual Studio Version 17
VisualStudioVersion = 17.14.36623.8
MinimumVisualStudioVersion = 10.0.40219.1
Project("{FAE04EC0-301F-11D3-BF4B-00C04F79EFBC}") = "AS Practical Assignment", "AS Practical Assignment\AS Practical Assignment.csproj", "{9B5F3503-C940-4F19-830F-16ACBFEAF117}"
EndProject
Global
	GlobalSection(SolutionConfigurationPlatforms) = preSolution
		Debug|Any CPU = Debug|Any CPU
		Release|Any CPU = Release|Any CPU
	EndGlobalSection
	GlobalSection(ProjectConfigurationPlatforms) = postSolution
		{9B5F3503-C940-4F19-830F-16ACBFEAF117}.Debug|Any CPU.ActiveCfg = Debug|Any CPU
		{9B5F3503-C940-4F19-830F-16ACBFEAF117}.Debug|Any CPU.Build.0 = Debug|Any CPU
		{9B5F3503-C940-4F19-830F-16ACBFEAF117}.Release|Any CPU.ActiveCfg = Release|Any CPU
		{9B5F3503-C940-4F19-830F-16ACBFEAF117}.Release|Any CPU.Build.0 = Release|Any CPU
	EndGlobalSection
	GlobalSection(SolutionProperties) = preSolution
		HideSolutionNode = FALSE
	EndGlobalSection
	GlobalSection(ExtensibilityGlobals) = postSolution
		SolutionGuid = {B5379919-4864-4575-AC8F-4E11592F33AF}
	EndGlobalSection
EndGlobal
